{
  "name": "BookMark-Manager",
  "version": "1.0.0",
  "lockfileVersion": 1,
  "requires": true,
  "dependencies": {
    "@spencerbeggs/aws-lambda-cors": {
      "version": "2.0.3",
      "resolved": "https://registry.npmjs.org/@spencerbeggs/aws-lambda-cors/-/aws-lambda-cors-2.0.3.tgz",
      "integrity": "sha512-5QkiMxZcyygFBZsCAJWdHA5dXNyBFPXOpUjfjSR0oWEJiuT7EgWYtI/g5Lls+lhDasymyDftEJ5mbZ0cI3YTJg=="
    },
    "password-hash": {
      "version": "1.2.2",
      "resolved": "https://registry.npmjs.org/password-hash/-/password-hash-1.2.2.tgz",
      "integrity": "sha1-O0UfAU3ksuHr+g5Uk7lRexBjrx0="
    },
    "string-hash": {
      "version": "1.1.3",
      "resolved": "https://registry.npmjs.org/string-hash/-/string-hash-1.1.3.tgz",
      "integrity": "sha1-6Kr8CsGFW0Zmkp7X3RJ1311sgRs="
    },
    "uuid": {
      "version": "2.0.3",
      "resolved": "https://registry.npmjs.org/uuid/-/uuid-2.0.3.tgz",
      "integrity": "sha1-Z+LoY3lyFVMN/zGOW/nc6/1Hsho="
    }
  }
}
